
Microsoft Visual Studio Solution File, Format Version 12.00
# Visual Studio 15
VisualStudioVersion = 15.0.28307.271
MinimumVisualStudioVersion = 10.0.40219.1
Project("{FAE04EC0-301F-11D3-BF4B-00C04F79EFBC}") = "TodoApi", "TodoApi\TodoApi.csproj", "{525E88BF-594A-4060-AAB4-5215101C8658}"
EndProject
Global
	GlobalSection(SolutionConfigurationPlatforms) = preSolution
		Debug|Any CPU = Debug|Any CPU
		Release|Any CPU = Release|Any CPU
	EndGlobalSection
	GlobalSection(ProjectConfigurationPlatforms) = postSolution
		{525E88BF-594A-4060-AAB4-5215101C8658}.Debug|Any CPU.ActiveCfg = Debug|Any CPU
		{525E88BF-594A-4060-AAB4-5215101C8658}.Debug|Any CPU.Build.0 = Debug|Any CPU
		{525E88BF-594A-4060-AAB4-5215101C8658}.Release|Any CPU.ActiveCfg = Release|Any CPU
		{525E88BF-594A-4060-AAB4-5215101C8658}.Release|Any CPU.Build.0 = Release|Any CPU
	EndGlobalSection
	GlobalSection(SolutionProperties) = preSolution
		HideSolutionNode = FALSE
	EndGlobalSection
	GlobalSection(ExtensibilityGlobals) = postSolution
		SolutionGuid = {6872497D-20FA-4CCF-9C77-18305A4715B1}
	EndGlobalSection
EndGlobal
